{
  "name": "hello-world",
  "version": "1.0.0",
  "lockfileVersion": 1,
  "requires": true,
  "dependencies": {
    "@polymer/polymer": {
      "version": "3.0.0-pre.1",
      "resolved": "https://registry.npmjs.org/@polymer/polymer/-/polymer-3.0.0-pre.1.tgz",
      "integrity": "sha512-yfVY9yl3hmnbU+RtcOobmmiPCkqIqpjMdo3+KoJ6gpFTUFFClKBqSAe7qussIGoyEUNdacXHF6OUj0Y2bTIDew==",
      "requires": {
        "@webcomponents/shadycss": "1.0.6",
        "@webcomponents/webcomponentsjs": "1.0.14"
      }
    },
    "@webcomponents/shadycss": {
      "version": "1.0.6",
      "resolved": "https://registry.npmjs.org/@webcomponents/shadycss/-/shadycss-1.0.6.tgz",
      "integrity": "sha512-4yGifxIQkDzf3SRQIRE4e4cI09yawgZ6GHsnrkSLdohesKo4oMgxc5sF0wv2DQN7o7mCAjBYnunQXcHmC62qhw=="
    },
    "@webcomponents/webcomponentsjs": {
      "version": "1.0.14",
      "resolved": "https://registry.npmjs.org/@webcomponents/webcomponentsjs/-/webcomponentsjs-1.0.14.tgz",
      "integrity": "sha512-YtxQ9S318BmLLkc8I4hmugg+P1HXgLrPoTCwNJkEH4nt+qxEkp7lv7xi/ljEnSxprxAYQrQt4kHJajs8G7069A=="
    },
    "lit-html": {
      "version": "0.6.0",
      "resolved": "https://registry.npmjs.org/lit-html/-/lit-html-0.6.0.tgz",
      "integrity": "sha512-H8CmAxZ9kdhiEyrcKNBlFF4pREp5/BKzIPE3EggKISEMT10Ez6WxwR3mzGPUfwgjTX9UQHAzLMtpn4tNkqS5sg=="
    },
    "todomvc-app-css": {
      "version": "2.1.0",
      "resolved": "https://registry.npmjs.org/todomvc-app-css/-/todomvc-app-css-2.1.0.tgz",
      "integrity": "sha1-tvJxbTOa+i5feZNH0qSLBTliQqU="
    },
    "todomvc-common": {
      "version": "1.0.4",
      "resolved": "https://registry.npmjs.org/todomvc-common/-/todomvc-common-1.0.4.tgz",
      "integrity": "sha512-AA0Z4exovEqubhbZCrzzn9roVT4zvOncS319p2zIc4CsNe5B9TLL7Sei1NIV6d+WrgR5rOi+y0I9Y6GE7xgNOw=="
    }
  }
}
