{
  "name": "hello-world",
  "version": "1.0.0",
  "lockfileVersion": 1,
  "requires": true,
  "dependencies": {
    "@polymer/font-roboto": {
      "version": "3.0.0-pre.1",
      "resolved": "https://registry.npmjs.org/@polymer/font-roboto/-/font-roboto-3.0.0-pre.1.tgz",
      "integrity": "sha512-jm9Vh6EgTfUX/Hv7YtHMNgQHXUIberpiiJX7h4SFbrpYCt45PSBJ5KtFz7s4T01dRYCf8wh4coRkWJGHvTH57g=="
    },
    "@polymer/iron-a11y-announcer": {
      "version": "3.0.0-pre.1",
      "resolved": "https://registry.npmjs.org/@polymer/iron-a11y-announcer/-/iron-a11y-announcer-3.0.0-pre.1.tgz",
      "integrity": "sha512-5sgktYkElspNxdVI9SlnKQr3Uu6Di6vmkGmUBOqTdXWXKgN2l3dOKVLzI9hLpDS2yqamaimo9ud5lHiDb1T9DQ==",
      "requires": {
        "@polymer/polymer": "3.0.0-pre.1"
      }
    },
    "@polymer/iron-a11y-keys-behavior": {
      "version": "3.0.0-pre.1",
      "resolved": "https://registry.npmjs.org/@polymer/iron-a11y-keys-behavior/-/iron-a11y-keys-behavior-3.0.0-pre.1.tgz",
      "integrity": "sha512-2FFkk1zQrcQPtiTNMsYouXi6eGIgbF1F9ih2/M8lBtlyqB9CMr0JWci8/ibt06fm4pQFCvOV76OggvJhVVLYpg==",
      "requires": {
        "@polymer/polymer": "3.0.0-pre.1"
      }
    },
    "@polymer/iron-autogrow-textarea": {
      "version": "3.0.0-pre.1",
      "resolved": "https://registry.npmjs.org/@polymer/iron-autogrow-textarea/-/iron-autogrow-textarea-3.0.0-pre.1.tgz",
      "integrity": "sha512-6RE5I00K+iMWpMiSK7kNaQbnVol0V6P4xAhnu/2nkNl+KoRkk2wXdJo6Eea4emTmEOVQk5Rq3LkS6ekl7QIG+g==",
      "requires": {
        "@polymer/iron-behaviors": "3.0.0-pre.1",
        "@polymer/iron-flex-layout": "3.0.0-pre.1",
        "@polymer/iron-validatable-behavior": "3.0.0-pre.1",
        "@polymer/polymer": "3.0.0-pre.1"
      }
    },
    "@polymer/iron-behaviors": {
      "version": "3.0.0-pre.1",
      "resolved": "https://registry.npmjs.org/@polymer/iron-behaviors/-/iron-behaviors-3.0.0-pre.1.tgz",
      "integrity": "sha512-rBdPz7056ML+Bfm1QkLATBoT2D9ESqT5pN5Q8KZVJLtvq16NEW2MJuujz/pb4yUAXMCX6HkEh8AAUu93t05iiQ==",
      "requires": {
        "@polymer/iron-a11y-keys-behavior": "3.0.0-pre.1",
        "@polymer/polymer": "3.0.0-pre.1"
      }
    },
    "@polymer/iron-flex-layout": {
      "version": "3.0.0-pre.1",
      "resolved": "https://registry.npmjs.org/@polymer/iron-flex-layout/-/iron-flex-layout-3.0.0-pre.1.tgz",
      "integrity": "sha512-EXkfULT1I2nNOA1fT8JXG+wFnl9OMcX0dqPawbQcE3B8FlsSc/2c9bdKppK6AZEi5wD20zZhBc5BtjzM1LXXrw==",
      "requires": {
        "@polymer/polymer": "3.0.0-pre.1"
      }
    },
    "@polymer/iron-form-element-behavior": {
      "version": "3.0.0-pre.1",
      "resolved": "https://registry.npmjs.org/@polymer/iron-form-element-behavior/-/iron-form-element-behavior-3.0.0-pre.1.tgz",
      "integrity": "sha512-UMD+siEtwI/5EdQPqEopuBfZftKPH2ILJP8RfsNKT0KCGqX9pO1Tsu+4bo+jD9nTMbePuDFPHiW2iK15hXMO8g==",
      "requires": {
        "@polymer/polymer": "3.0.0-pre.1"
      }
    },
    "@polymer/iron-input": {
      "version": "3.0.0-pre.1",
      "resolved": "https://registry.npmjs.org/@polymer/iron-input/-/iron-input-3.0.0-pre.1.tgz",
      "integrity": "sha512-K0szbRhBjyEE8tkD73Lh2rDRywKUZROteY9Qe+fK7+55OuOAYZ5BtopC+WNUIJ2Heblmizam/e1SoWmCON+oxw==",
      "requires": {
        "@polymer/iron-a11y-announcer": "3.0.0-pre.1",
        "@polymer/iron-validatable-behavior": "3.0.0-pre.1",
        "@polymer/polymer": "3.0.0-pre.1"
      }
    },
    "@polymer/iron-meta": {
      "version": "3.0.0-pre.1",
      "resolved": "https://registry.npmjs.org/@polymer/iron-meta/-/iron-meta-3.0.0-pre.1.tgz",
      "integrity": "sha512-HSkLnzq19SnC75CilRqI1enK4jpWUOqv27wzUWRrFGyC5T/KraUGAOrPK2VkSxpM5z3wuVFgMG+7q0NkCyWtqw==",
      "requires": {
        "@polymer/polymer": "3.0.0-pre.1"
      }
    },
    "@polymer/iron-validatable-behavior": {
      "version": "3.0.0-pre.1",
      "resolved": "https://registry.npmjs.org/@polymer/iron-validatable-behavior/-/iron-validatable-behavior-3.0.0-pre.1.tgz",
      "integrity": "sha512-zk2z7kEXf8Y8DnGOCEBKmbvWQ7t7ns/wgj9zT+q53vuaa/76rZHM9l5xyOnGIxmNvccs1Y7qxg3yELvLP0N18w==",
      "requires": {
        "@polymer/iron-meta": "3.0.0-pre.1",
        "@polymer/polymer": "3.0.0-pre.1"
      }
    },
    "@polymer/paper-input": {
      "version": "3.0.0-pre.1",
      "resolved": "https://registry.npmjs.org/@polymer/paper-input/-/paper-input-3.0.0-pre.1.tgz",
      "integrity": "sha512-jMk0qqsJ1t0OJn/qLIleDS/q5EfKqeqBYaCRXPClruS8DWIz+IETWHPVer1mzgbcfVjuiBpiOUVVAS3LPTf77A==",
      "requires": {
        "@polymer/iron-a11y-keys-behavior": "3.0.0-pre.1",
        "@polymer/iron-autogrow-textarea": "3.0.0-pre.1",
        "@polymer/iron-behaviors": "3.0.0-pre.1",
        "@polymer/iron-form-element-behavior": "3.0.0-pre.1",
        "@polymer/iron-input": "3.0.0-pre.1",
        "@polymer/paper-styles": "3.0.0-pre.1",
        "@polymer/polymer": "3.0.0-pre.1"
      }
    },
    "@polymer/paper-styles": {
      "version": "3.0.0-pre.1",
      "resolved": "https://registry.npmjs.org/@polymer/paper-styles/-/paper-styles-3.0.0-pre.1.tgz",
      "integrity": "sha512-L/8B34oiDKNMz6vI/T8ZykMJAhJ6OghCOdS4avpeWKDmS1uuZwdEvVMZt7+8aSccpbfBYi8haYPrnhBNvf76cw==",
      "requires": {
        "@polymer/font-roboto": "3.0.0-pre.1",
        "@polymer/iron-flex-layout": "3.0.0-pre.1",
        "@polymer/polymer": "3.0.0-pre.1"
      }
    },
    "@polymer/polymer": {
      "version": "3.0.0-pre.1",
      "resolved": "https://registry.npmjs.org/@polymer/polymer/-/polymer-3.0.0-pre.1.tgz",
      "integrity": "sha512-yfVY9yl3hmnbU+RtcOobmmiPCkqIqpjMdo3+KoJ6gpFTUFFClKBqSAe7qussIGoyEUNdacXHF6OUj0Y2bTIDew==",
      "requires": {
        "@webcomponents/shadycss": "1.0.6",
        "@webcomponents/webcomponentsjs": "1.0.14"
      }
    },
    "@webcomponents/shadycss": {
      "version": "1.0.6",
      "resolved": "https://registry.npmjs.org/@webcomponents/shadycss/-/shadycss-1.0.6.tgz",
      "integrity": "sha512-4yGifxIQkDzf3SRQIRE4e4cI09yawgZ6GHsnrkSLdohesKo4oMgxc5sF0wv2DQN7o7mCAjBYnunQXcHmC62qhw=="
    },
    "@webcomponents/webcomponentsjs": {
      "version": "1.0.14",
      "resolved": "https://registry.npmjs.org/@webcomponents/webcomponentsjs/-/webcomponentsjs-1.0.14.tgz",
      "integrity": "sha512-YtxQ9S318BmLLkc8I4hmugg+P1HXgLrPoTCwNJkEH4nt+qxEkp7lv7xi/ljEnSxprxAYQrQt4kHJajs8G7069A=="
    },
    "todomvc-app-css": {
      "version": "2.1.0",
      "resolved": "https://registry.npmjs.org/todomvc-app-css/-/todomvc-app-css-2.1.0.tgz",
      "integrity": "sha1-tvJxbTOa+i5feZNH0qSLBTliQqU="
    },
    "todomvc-common": {
      "version": "1.0.4",
      "resolved": "https://registry.npmjs.org/todomvc-common/-/todomvc-common-1.0.4.tgz",
      "integrity": "sha512-AA0Z4exovEqubhbZCrzzn9roVT4zvOncS319p2zIc4CsNe5B9TLL7Sei1NIV6d+WrgR5rOi+y0I9Y6GE7xgNOw=="
    }
  }
}
